
Microsoft Visual Studio Solution File, Format Version 12.00
# Visual Studio Version 16
VisualStudioVersion = 16.0.31911.196
MinimumVisualStudioVersion = 10.0.40219.1
Project("{FAE04EC0-301F-11D3-BF4B-00C04F79EFBC}") = "WpfTetris", "WpfTetris\WpfTetris.csproj", "{FC9D2F96-19B1-4AB3-B2E9-4C99B41A889C}"
EndProject
Global
	GlobalSection(SolutionConfigurationPlatforms) = preSolution
		Debug|Any CPU = Debug|Any CPU
		Release|Any CPU = Release|Any CPU
	EndGlobalSection
	GlobalSection(ProjectConfigurationPlatforms) = postSolution
		{FC9D2F96-19B1-4AB3-B2E9-4C99B41A889C}.Debug|Any CPU.ActiveCfg = Debug|Any CPU
		{FC9D2F96-19B1-4AB3-B2E9-4C99B41A889C}.Debug|Any CPU.Build.0 = Debug|Any CPU
		{FC9D2F96-19B1-4AB3-B2E9-4C99B41A889C}.Release|Any CPU.ActiveCfg = Release|Any CPU
		{FC9D2F96-19B1-4AB3-B2E9-4C99B41A889C}.Release|Any CPU.Build.0 = Release|Any CPU
	EndGlobalSection
	GlobalSection(SolutionProperties) = preSolution
		HideSolutionNode = FALSE
	EndGlobalSection
	GlobalSection(ExtensibilityGlobals) = postSolution
		SolutionGuid = {410B18E5-91CA-44DB-BF5B-03538098F489}
	EndGlobalSection
EndGlobal
