
Microsoft Visual Studio Solution File, Format Version 12.00
# Visual Studio Version 16
VisualStudioVersion = 16.0.31911.196
MinimumVisualStudioVersion = 10.0.40219.1
Project("{9A19103F-16F7-4668-BE54-9A1E7A4F7556}") = "Autotest Multiplex", "Autotest Multiplex\Autotest Multiplex.csproj", "{977DD2C2-BE6C-45FA-9FA6-02D069C7257F}"
EndProject
Project("{9A19103F-16F7-4668-BE54-9A1E7A4F7556}") = "RozetkaProject", "RozetkaProject\RozetkaProject.csproj", "{5BAB221C-DCB3-4222-BC07-E8B4CAAF8A18}"
EndProject
Project("{FAE04EC0-301F-11D3-BF4B-00C04F79EFBC}") = "HomeTask", "HomeTask\HomeTask.csproj", "{AE927767-EEEF-4A0B-B442-4D930F64D04B}"
EndProject
Global
	GlobalSection(SolutionConfigurationPlatforms) = preSolution
		Debug|Any CPU = Debug|Any CPU
		Release|Any CPU = Release|Any CPU
	EndGlobalSection
	GlobalSection(ProjectConfigurationPlatforms) = postSolution
		{977DD2C2-BE6C-45FA-9FA6-02D069C7257F}.Debug|Any CPU.ActiveCfg = Debug|Any CPU
		{977DD2C2-BE6C-45FA-9FA6-02D069C7257F}.Debug|Any CPU.Build.0 = Debug|Any CPU
		{977DD2C2-BE6C-45FA-9FA6-02D069C7257F}.Release|Any CPU.ActiveCfg = Release|Any CPU
		{977DD2C2-BE6C-45FA-9FA6-02D069C7257F}.Release|Any CPU.Build.0 = Release|Any CPU
		{5BAB221C-DCB3-4222-BC07-E8B4CAAF8A18}.Debug|Any CPU.ActiveCfg = Debug|Any CPU
		{5BAB221C-DCB3-4222-BC07-E8B4CAAF8A18}.Debug|Any CPU.Build.0 = Debug|Any CPU
		{5BAB221C-DCB3-4222-BC07-E8B4CAAF8A18}.Release|Any CPU.ActiveCfg = Release|Any CPU
		{5BAB221C-DCB3-4222-BC07-E8B4CAAF8A18}.Release|Any CPU.Build.0 = Release|Any CPU
		{AE927767-EEEF-4A0B-B442-4D930F64D04B}.Debug|Any CPU.ActiveCfg = Debug|Any CPU
		{AE927767-EEEF-4A0B-B442-4D930F64D04B}.Debug|Any CPU.Build.0 = Debug|Any CPU
		{AE927767-EEEF-4A0B-B442-4D930F64D04B}.Release|Any CPU.ActiveCfg = Release|Any CPU
		{AE927767-EEEF-4A0B-B442-4D930F64D04B}.Release|Any CPU.Build.0 = Release|Any CPU
	EndGlobalSection
	GlobalSection(SolutionProperties) = preSolution
		HideSolutionNode = FALSE
	EndGlobalSection
	GlobalSection(ExtensibilityGlobals) = postSolution
		SolutionGuid = {E30925D7-71D1-4237-A9CC-AA1E57A65FF1}
	EndGlobalSection
EndGlobal
